
Microsoft Visual Studio Solution File, Format Version 12.00
# Visual Studio Version 16
VisualStudioVersion = 16.0.31025.194
MinimumVisualStudioVersion = 10.0.40219.1
Project("{FAE04EC0-301F-11D3-BF4B-00C04F79EFBC}") = "BlogAPI", "BlogAPI\BlogAPI.csproj", "{A1B1036D-C089-43AE-A323-B8CC6BA51B29}"
EndProject
Project("{FAE04EC0-301F-11D3-BF4B-00C04F79EFBC}") = "Data", "Data\Data.csproj", "{D85ECE3C-3EF6-4BE8-9F63-DC1345389725}"
EndProject
Global
	GlobalSection(SolutionConfigurationPlatforms) = preSolution
		Debug|Any CPU = Debug|Any CPU
		Release|Any CPU = Release|Any CPU
	EndGlobalSection
	GlobalSection(ProjectConfigurationPlatforms) = postSolution
		{A1B1036D-C089-43AE-A323-B8CC6BA51B29}.Debug|Any CPU.ActiveCfg = Debug|Any CPU
		{A1B1036D-C089-43AE-A323-B8CC6BA51B29}.Debug|Any CPU.Build.0 = Debug|Any CPU
		{A1B1036D-C089-43AE-A323-B8CC6BA51B29}.Release|Any CPU.ActiveCfg = Release|Any CPU
		{A1B1036D-C089-43AE-A323-B8CC6BA51B29}.Release|Any CPU.Build.0 = Release|Any CPU
		{D85ECE3C-3EF6-4BE8-9F63-DC1345389725}.Debug|Any CPU.ActiveCfg = Debug|Any CPU
		{D85ECE3C-3EF6-4BE8-9F63-DC1345389725}.Debug|Any CPU.Build.0 = Debug|Any CPU
		{D85ECE3C-3EF6-4BE8-9F63-DC1345389725}.Release|Any CPU.ActiveCfg = Release|Any CPU
		{D85ECE3C-3EF6-4BE8-9F63-DC1345389725}.Release|Any CPU.Build.0 = Release|Any CPU
	EndGlobalSection
	GlobalSection(SolutionProperties) = preSolution
		HideSolutionNode = FALSE
	EndGlobalSection
	GlobalSection(ExtensibilityGlobals) = postSolution
		SolutionGuid = {5D305355-7182-4F0E-8B91-FC70404B3CDD}
	EndGlobalSection
EndGlobal
